// !$*UTF8*$!
{
	archiveVersion = 1;
	classes = {
	};
	objectVersion = 55;
	objects = {

/* Begin PBXBuildFile section */
		5340A2B829ACF79D003F115D /* APIResponse.swift in Sources */ = {isa = PBXBuildFile; fileRef = 5340A2B729ACF79D003F115D /* APIResponse.swift */; };
		5341B2222A0157D80034A665 /* themes.json in Resources */ = {isa = PBXBuildFile; fileRef = 5341B2202A0157C70034A665 /* themes.json */; };
		5357AAC5290047030058E400 /* AppDelegate.swift in Sources */ = {isa = PBXBuildFile; fileRef = 5357AAC4290047030058E400 /* AppDelegate.swift */; };
		5357AAC7290047030058E400 /* SceneDelegate.swift in Sources */ = {isa = PBXBuildFile; fileRef = 5357AAC6290047030058E400 /* SceneDelegate.swift */; };
		5357AAC9290047030058E400 /* ProfileSetupVC.swift in Sources */ = {isa = PBXBuildFile; fileRef = 5357AAC8290047030058E400 /* ProfileSetupVC.swift */; };
		5357AACC290047030058E400 /* Main.storyboard in Resources */ = {isa = PBXBuildFile; fileRef = 5357AACA290047030058E400 /* Main.storyboard */; };
		5357AACE290047050058E400 /* Assets.xcassets in Resources */ = {isa = PBXBuildFile; fileRef = 5357AACD290047050058E400 /* Assets.xcassets */; };
		5357AAD1290047050058E400 /* LaunchScreen.storyboard in Resources */ = {isa = PBXBuildFile; fileRef = 5357AACF290047050058E400 /* LaunchScreen.storyboard */; };
		5357AADC290047060058E400 /* WorkTimerTests.swift in Sources */ = {isa = PBXBuildFile; fileRef = 5357AADB290047060058E400 /* WorkTimerTests.swift */; };
		5357AAE6290047060058E400 /* WorkTimerUITests.swift in Sources */ = {isa = PBXBuildFile; fileRef = 5357AAE5290047060058E400 /* WorkTimerUITests.swift */; };
		5357AAE8290047060058E400 /* WorkTimerUITestsLaunchTests.swift in Sources */ = {isa = PBXBuildFile; fileRef = 5357AAE7290047060058E400 /* WorkTimerUITestsLaunchTests.swift */; };
		5357AAF52900483D0058E400 /* Profile.swift in Sources */ = {isa = PBXBuildFile; fileRef = 5357AAF42900483D0058E400 /* Profile.swift */; };
		536B6FEC29D1FFAF0076DAC5 /* Themes.swift in Sources */ = {isa = PBXBuildFile; fileRef = 536B6FEB29D1FFAF0076DAC5 /* Themes.swift */; };
		537D1DDA297991D4008C2B0A /* SharedData.swift in Sources */ = {isa = PBXBuildFile; fileRef = 537D1DD9297991D4008C2B0A /* SharedData.swift */; };
		5387551F2A166C230011749C /* light.png in Resources */ = {isa = PBXBuildFile; fileRef = 5387551D2A166C230011749C /* light.png */; };
		538755202A166C230011749C /* dark.png in Resources */ = {isa = PBXBuildFile; fileRef = 5387551E2A166C230011749C /* dark.png */; };
		5388857D29228BA300656677 /* HomeSceneVC.swift in Sources */ = {isa = PBXBuildFile; fileRef = 5388857C29228BA300656677 /* HomeSceneVC.swift */; };
		5388857F2922924000656677 /* TimerSetupVC.swift in Sources */ = {isa = PBXBuildFile; fileRef = 5388857E2922924000656677 /* TimerSetupVC.swift */; };
		538C8023293921A800BEBD2E /* TimerVC.swift in Sources */ = {isa = PBXBuildFile; fileRef = 538C8022293921A800BEBD2E /* TimerVC.swift */; };
		53A7429F2A12C8F10021D4DC /* departure.jpeg in Resources */ = {isa = PBXBuildFile; fileRef = 53A7429D2A12C8F10021D4DC /* departure.jpeg */; };
		53A742A02A12C8F10021D4DC /* uncledavesausage.png in Resources */ = {isa = PBXBuildFile; fileRef = 53A7429E2A12C8F10021D4DC /* uncledavesausage.png */; };
		53A742A42A151A080021D4DC /* UIColorExtension.swift in Sources */ = {isa = PBXBuildFile; fileRef = 53A742A32A151A080021D4DC /* UIColorExtension.swift */; };
		53A742A62A15CD5B0021D4DC /* MainTabBar.swift in Sources */ = {isa = PBXBuildFile; fileRef = 53A742A52A15CD5B0021D4DC /* MainTabBar.swift */; };
		53AA7154290C3E4700440CCD /* ProfileSceneVC.swift in Sources */ = {isa = PBXBuildFile; fileRef = 53AA7153290C3E4700440CCD /* ProfileSceneVC.swift */; };
		53E177B029CDF3EA00ADE633 /* StoreCollectionViewCell.swift in Sources */ = {isa = PBXBuildFile; fileRef = 53E177AF29CDF3EA00ADE633 /* StoreCollectionViewCell.swift */; };
		53EDA81729B2743B001143E4 /* Tangerine-Regular.ttf in Resources */ = {isa = PBXBuildFile; fileRef = 53EDA81529B2743B001143E4 /* Tangerine-Regular.ttf */; };
		53EDA81829B2743B001143E4 /* Tangerine-Bold.ttf in Resources */ = {isa = PBXBuildFile; fileRef = 53EDA81629B2743B001143E4 /* Tangerine-Bold.ttf */; };
/* End PBXBuildFile section */

/* Begin PBXContainerItemProxy section */
		5357AAD8290047060058E400 /* PBXContainerItemProxy */ = {
			isa = PBXContainerItemProxy;
			containerPortal = 5357AAB9290047030058E400 /* Project object */;
			proxyType = 1;
			remoteGlobalIDString = 5357AAC0290047030058E400;
			remoteInfo = WorkTimer;
		};
		5357AAE2290047060058E400 /* PBXContainerItemProxy */ = {
			isa = PBXContainerItemProxy;
			containerPortal = 5357AAB9290047030058E400 /* Project object */;
			proxyType = 1;
			remoteGlobalIDString = 5357AAC0290047030058E400;
			remoteInfo = WorkTimer;
		};
/* End PBXContainerItemProxy section */

/* Begin PBXFileReference section */
		5340A2B729ACF79D003F115D /* APIResponse.swift */ = {isa = PBXFileReference; lastKnownFileType = sourcecode.swift; path = APIResponse.swift; sourceTree = "<group>"; };
		5341B2202A0157C70034A665 /* themes.json */ = {isa = PBXFileReference; fileEncoding = 4; lastKnownFileType = text.json; path = themes.json; sourceTree = "<group>"; };
		5357AAC1290047030058E400 /* WorkTimer.app */ = {isa = PBXFileReference; explicitFileType = wrapper.application; includeInIndex = 0; path = WorkTimer.app; sourceTree = BUILT_PRODUCTS_DIR; };
		5357AAC4290047030058E400 /* AppDelegate.swift */ = {isa = PBXFileReference; lastKnownFileType = sourcecode.swift; path = AppDelegate.swift; sourceTree = "<group>"; };
		5357AAC6290047030058E400 /* SceneDelegate.swift */ = {isa = PBXFileReference; lastKnownFileType = sourcecode.swift; path = SceneDelegate.swift; sourceTree = "<group>"; };
		5357AAC8290047030058E400 /* ProfileSetupVC.swift */ = {isa = PBXFileReference; lastKnownFileType = sourcecode.swift; path = ProfileSetupVC.swift; sourceTree = "<group>"; };
		5357AACB290047030058E400 /* Base */ = {isa = PBXFileReference; lastKnownFileType = file.storyboard; name = Base; path = Base.lproj/Main.storyboard; sourceTree = "<group>"; };
		5357AACD290047050058E400 /* Assets.xcassets */ = {isa = PBXFileReference; lastKnownFileType = folder.assetcatalog; path = Assets.xcassets; sourceTree = "<group>"; };
		5357AAD0290047050058E400 /* Base */ = {isa = PBXFileReference; lastKnownFileType = file.storyboard; name = Base; path = Base.lproj/LaunchScreen.storyboard; sourceTree = "<group>"; };
		5357AAD2290047050058E400 /* Info.plist */ = {isa = PBXFileReference; lastKnownFileType = text.plist.xml; path = Info.plist; sourceTree = "<group>"; };
		5357AAD7290047060058E400 /* WorkTimerTests.xctest */ = {isa = PBXFileReference; explicitFileType = wrapper.cfbundle; includeInIndex = 0; path = WorkTimerTests.xctest; sourceTree = BUILT_PRODUCTS_DIR; };
		5357AADB290047060058E400 /* WorkTimerTests.swift */ = {isa = PBXFileReference; lastKnownFileType = sourcecode.swift; path = WorkTimerTests.swift; sourceTree = "<group>"; };
		5357AAE1290047060058E400 /* WorkTimerUITests.xctest */ = {isa = PBXFileReference; explicitFileType = wrapper.cfbundle; includeInIndex = 0; path = WorkTimerUITests.xctest; sourceTree = BUILT_PRODUCTS_DIR; };
		5357AAE5290047060058E400 /* WorkTimerUITests.swift */ = {isa = PBXFileReference; lastKnownFileType = sourcecode.swift; path = WorkTimerUITests.swift; sourceTree = "<group>"; };
		5357AAE7290047060058E400 /* WorkTimerUITestsLaunchTests.swift */ = {isa = PBXFileReference; lastKnownFileType = sourcecode.swift; path = WorkTimerUITestsLaunchTests.swift; sourceTree = "<group>"; };
		5357AAF42900483D0058E400 /* Profile.swift */ = {isa = PBXFileReference; lastKnownFileType = sourcecode.swift; path = Profile.swift; sourceTree = "<group>"; };
		536B6FEB29D1FFAF0076DAC5 /* Themes.swift */ = {isa = PBXFileReference; lastKnownFileType = sourcecode.swift; path = Themes.swift; sourceTree = "<group>"; };
		537D1DD9297991D4008C2B0A /* SharedData.swift */ = {isa = PBXFileReference; lastKnownFileType = sourcecode.swift; path = SharedData.swift; sourceTree = "<group>"; };
		5387551D2A166C230011749C /* light.png */ = {isa = PBXFileReference; lastKnownFileType = image.png; path = light.png; sourceTree = "<group>"; };
		5387551E2A166C230011749C /* dark.png */ = {isa = PBXFileReference; lastKnownFileType = image.png; path = dark.png; sourceTree = "<group>"; };
		5388857C29228BA300656677 /* HomeSceneVC.swift */ = {isa = PBXFileReference; lastKnownFileType = sourcecode.swift; path = HomeSceneVC.swift; sourceTree = "<group>"; };
		5388857E2922924000656677 /* TimerSetupVC.swift */ = {isa = PBXFileReference; lastKnownFileType = sourcecode.swift; path = TimerSetupVC.swift; sourceTree = "<group>"; };
		538C8022293921A800BEBD2E /* TimerVC.swift */ = {isa = PBXFileReference; lastKnownFileType = sourcecode.swift; path = TimerVC.swift; sourceTree = "<group>"; };
		53A7429D2A12C8F10021D4DC /* departure.jpeg */ = {isa = PBXFileReference; lastKnownFileType = image.jpeg; path = departure.jpeg; sourceTree = "<group>"; };
		53A7429E2A12C8F10021D4DC /* uncledavesausage.png */ = {isa = PBXFileReference; lastKnownFileType = image.png; path = uncledavesausage.png; sourceTree = "<group>"; };
		53A742A32A151A080021D4DC /* UIColorExtension.swift */ = {isa = PBXFileReference; lastKnownFileType = sourcecode.swift; path = UIColorExtension.swift; sourceTree = "<group>"; };
		53A742A52A15CD5B0021D4DC /* MainTabBar.swift */ = {isa = PBXFileReference; lastKnownFileType = sourcecode.swift; path = MainTabBar.swift; sourceTree = "<group>"; };
		53AA7153290C3E4700440CCD /* ProfileSceneVC.swift */ = {isa = PBXFileReference; lastKnownFileType = sourcecode.swift; path = ProfileSceneVC.swift; sourceTree = "<group>"; };
		53E177AF29CDF3EA00ADE633 /* StoreCollectionViewCell.swift */ = {isa = PBXFileReference; lastKnownFileType = sourcecode.swift; path = StoreCollectionViewCell.swift; sourceTree = "<group>"; };
		53EDA81529B2743B001143E4 /* Tangerine-Regular.ttf */ = {isa = PBXFileReference; lastKnownFileType = file; path = "Tangerine-Regular.ttf"; sourceTree = "<group>"; };
		53EDA81629B2743B001143E4 /* Tangerine-Bold.ttf */ = {isa = PBXFileReference; lastKnownFileType = file; path = "Tangerine-Bold.ttf"; sourceTree = "<group>"; };
/* End PBXFileReference section */

/* Begin PBXFrameworksBuildPhase section */
		5357AABE290047030058E400 /* Frameworks */ = {
			isa = PBXFrameworksBuildPhase;
			buildActionMask = 2147483647;
			files = (
			);
			runOnlyForDeploymentPostprocessing = 0;
		};
		5357AAD4290047060058E400 /* Frameworks */ = {
			isa = PBXFrameworksBuildPhase;
			buildActionMask = 2147483647;
			files = (
			);
			runOnlyForDeploymentPostprocessing = 0;
		};
		5357AADE290047060058E400 /* Frameworks */ = {
			isa = PBXFrameworksBuildPhase;
			buildActionMask = 2147483647;
			files = (
			);
			runOnlyForDeploymentPostprocessing = 0;
		};
/* End PBXFrameworksBuildPhase section */

/* Begin PBXGroup section */
		5357AAB8290047030058E400 = {
			isa = PBXGroup;
			children = (
				5341B2202A0157C70034A665 /* themes.json */,
				5357AAC3290047030058E400 /* WorkTimer */,
				5357AADA290047060058E400 /* WorkTimerTests */,
				5357AAE4290047060058E400 /* WorkTimerUITests */,
				5357AAC2290047030058E400 /* Products */,
			);
			sourceTree = "<group>";
		};
		5357AAC2290047030058E400 /* Products */ = {
			isa = PBXGroup;
			children = (
				5357AAC1290047030058E400 /* WorkTimer.app */,
				5357AAD7290047060058E400 /* WorkTimerTests.xctest */,
				5357AAE1290047060058E400 /* WorkTimerUITests.xctest */,
			);
			name = Products;
			sourceTree = "<group>";
		};
		5357AAC3290047030058E400 /* WorkTimer */ = {
			isa = PBXGroup;
			children = (
				53BDD08429DC8D64002D6E38 /* Images */,
				537D1DD9297991D4008C2B0A /* SharedData.swift */,
				5357AAF42900483D0058E400 /* Profile.swift */,
				53839DC729A6B94300128A03 /* ViewControllers */,
				5357AAC4290047030058E400 /* AppDelegate.swift */,
				5357AAC6290047030058E400 /* SceneDelegate.swift */,
				5357AACA290047030058E400 /* Main.storyboard */,
				5357AACD290047050058E400 /* Assets.xcassets */,
				5357AACF290047050058E400 /* LaunchScreen.storyboard */,
				5357AAD2290047050058E400 /* Info.plist */,
				53EDA81029B2735D001143E4 /* Fonts */,
				536B6FEB29D1FFAF0076DAC5 /* Themes.swift */,
				53A742A32A151A080021D4DC /* UIColorExtension.swift */,
				53A742A52A15CD5B0021D4DC /* MainTabBar.swift */,
			);
			path = WorkTimer;
			sourceTree = "<group>";
		};
		5357AADA290047060058E400 /* WorkTimerTests */ = {
			isa = PBXGroup;
			children = (
				5357AADB290047060058E400 /* WorkTimerTests.swift */,
			);
			path = WorkTimerTests;
			sourceTree = "<group>";
		};
		5357AAE4290047060058E400 /* WorkTimerUITests */ = {
			isa = PBXGroup;
			children = (
				5357AAE5290047060058E400 /* WorkTimerUITests.swift */,
				5357AAE7290047060058E400 /* WorkTimerUITestsLaunchTests.swift */,
			);
			path = WorkTimerUITests;
			sourceTree = "<group>";
		};
		536B6FED29D2006B0076DAC5 /* Default */ = {
			isa = PBXGroup;
			children = (
				53EDA81629B2743B001143E4 /* Tangerine-Bold.ttf */,
				53EDA81529B2743B001143E4 /* Tangerine-Regular.ttf */,
			);
			path = Default;
			sourceTree = "<group>";
		};
		53839DC729A6B94300128A03 /* ViewControllers */ = {
			isa = PBXGroup;
			children = (
				53E177B129CDF3FB00ADE633 /* HomeScene */,
				5357AAC8290047030058E400 /* ProfileSetupVC.swift */,
				538C8022293921A800BEBD2E /* TimerVC.swift */,
				5388857E2922924000656677 /* TimerSetupVC.swift */,
				53AA7153290C3E4700440CCD /* ProfileSceneVC.swift */,
			);
			path = ViewControllers;
			sourceTree = "<group>";
		};
		53BDD08429DC8D64002D6E38 /* Images */ = {
			isa = PBXGroup;
			children = (
				5387551E2A166C230011749C /* dark.png */,
				5387551D2A166C230011749C /* light.png */,
				53A7429D2A12C8F10021D4DC /* departure.jpeg */,
				53A7429E2A12C8F10021D4DC /* uncledavesausage.png */,
			);
			path = Images;
			sourceTree = "<group>";
		};
		53E177B129CDF3FB00ADE633 /* HomeScene */ = {
			isa = PBXGroup;
			children = (
				5340A2B729ACF79D003F115D /* APIResponse.swift */,
				5388857C29228BA300656677 /* HomeSceneVC.swift */,
				53E177AF29CDF3EA00ADE633 /* StoreCollectionViewCell.swift */,
			);
			path = HomeScene;
			sourceTree = "<group>";
		};
		53EDA81029B2735D001143E4 /* Fonts */ = {
			isa = PBXGroup;
			children = (
				536B6FED29D2006B0076DAC5 /* Default */,
			);
			path = Fonts;
			sourceTree = "<group>";
		};
/* End PBXGroup section */

/* Begin PBXNativeTarget section */
		5357AAC0290047030058E400 /* WorkTimer */ = {
			isa = PBXNativeTarget;
			buildConfigurationList = 5357AAEB290047060058E400 /* Build configuration list for PBXNativeTarget "WorkTimer" */;
			buildPhases = (
				5357AABD290047030058E400 /* Sources */,
				5357AABE290047030058E400 /* Frameworks */,
				5357AABF290047030058E400 /* Resources */,
			);
			buildRules = (
			);
			dependencies = (
			);
			name = WorkTimer;
			productName = WorkTimer;
			productReference = 5357AAC1290047030058E400 /* WorkTimer.app */;
			productType = "com.apple.product-type.application";
		};
		5357AAD6290047060058E400 /* WorkTimerTests */ = {
			isa = PBXNativeTarget;
			buildConfigurationList = 5357AAEE290047060058E400 /* Build configuration list for PBXNativeTarget "WorkTimerTests" */;
			buildPhases = (
				5357AAD3290047060058E400 /* Sources */,
				5357AAD4290047060058E400 /* Frameworks */,
				5357AAD5290047060058E400 /* Resources */,
			);
			buildRules = (
			);
			dependencies = (
				5357AAD9290047060058E400 /* PBXTargetDependency */,
			);
			name = WorkTimerTests;
			productName = WorkTimerTests;
			productReference = 5357AAD7290047060058E400 /* WorkTimerTests.xctest */;
			productType = "com.apple.product-type.bundle.unit-test";
		};
		5357AAE0290047060058E400 /* WorkTimerUITests */ = {
			isa = PBXNativeTarget;
			buildConfigurationList = 5357AAF1290047060058E400 /* Build configuration list for PBXNativeTarget "WorkTimerUITests" */;
			buildPhases = (
				5357AADD290047060058E400 /* Sources */,
				5357AADE290047060058E400 /* Frameworks */,
				5357AADF290047060058E400 /* Resources */,
			);
			buildRules = (
			);
			dependencies = (
				5357AAE3290047060058E400 /* PBXTargetDependency */,
			);
			name = WorkTimerUITests;
			productName = WorkTimerUITests;
			productReference = 5357AAE1290047060058E400 /* WorkTimerUITests.xctest */;
			productType = "com.apple.product-type.bundle.ui-testing";
		};
/* End PBXNativeTarget section */

/* Begin PBXProject section */
		5357AAB9290047030058E400 /* Project object */ = {
			isa = PBXProject;
			attributes = {
				BuildIndependentTargetsInParallel = 1;
				LastSwiftUpdateCheck = 1340;
				LastUpgradeCheck = 1340;
				TargetAttributes = {
					5357AAC0290047030058E400 = {
						CreatedOnToolsVersion = 13.4.1;
					};
					5357AAD6290047060058E400 = {
						CreatedOnToolsVersion = 13.4.1;
						TestTargetID = 5357AAC0290047030058E400;
					};
					5357AAE0290047060058E400 = {
						CreatedOnToolsVersion = 13.4.1;
						TestTargetID = 5357AAC0290047030058E400;
					};
				};
			};
			buildConfigurationList = 5357AABC290047030058E400 /* Build configuration list for PBXProject "WorkTimer" */;
			compatibilityVersion = "Xcode 13.0";
			developmentRegion = en;
			hasScannedForEncodings = 0;
			knownRegions = (
				en,
				Base,
			);
			mainGroup = 5357AAB8290047030058E400;
			productRefGroup = 5357AAC2290047030058E400 /* Products */;
			projectDirPath = "";
			projectRoot = "";
			targets = (
				5357AAC0290047030058E400 /* WorkTimer */,
				5357AAD6290047060058E400 /* WorkTimerTests */,
				5357AAE0290047060058E400 /* WorkTimerUITests */,
			);
		};
/* End PBXProject section */

/* Begin PBXResourcesBuildPhase section */
		5357AABF290047030058E400 /* Resources */ = {
			isa = PBXResourcesBuildPhase;
			buildActionMask = 2147483647;
			files = (
				5341B2222A0157D80034A665 /* themes.json in Resources */,
				538755202A166C230011749C /* dark.png in Resources */,
				5357AAD1290047050058E400 /* LaunchScreen.storyboard in Resources */,
				5387551F2A166C230011749C /* light.png in Resources */,
				53EDA81729B2743B001143E4 /* Tangerine-Regular.ttf in Resources */,
				53EDA81829B2743B001143E4 /* Tangerine-Bold.ttf in Resources */,
				5357AACE290047050058E400 /* Assets.xcassets in Resources */,
				5357AACC290047030058E400 /* Main.storyboard in Resources */,
				53A7429F2A12C8F10021D4DC /* departure.jpeg in Resources */,
				53A742A02A12C8F10021D4DC /* uncledavesausage.png in Resources */,
			);
			runOnlyForDeploymentPostprocessing = 0;
		};
		5357AAD5290047060058E400 /* Resources */ = {
			isa = PBXResourcesBuildPhase;
			buildActionMask = 2147483647;
			files = (
			);
			runOnlyForDeploymentPostprocessing = 0;
		};
		5357AADF290047060058E400 /* Resources */ = {
			isa = PBXResourcesBuildPhase;
			buildActionMask = 2147483647;
			files = (
			);
			runOnlyForDeploymentPostprocessing = 0;
		};
/* End PBXResourcesBuildPhase section */

/* Begin PBXSourcesBuildPhase section */
		5357AABD290047030058E400 /* Sources */ = {
			isa = PBXSourcesBuildPhase;
			buildActionMask = 2147483647;
			files = (
				53A742A42A151A080021D4DC /* UIColorExtension.swift in Sources */,
				537D1DDA297991D4008C2B0A /* SharedData.swift in Sources */,
				53A742A62A15CD5B0021D4DC /* MainTabBar.swift in Sources */,
				536B6FEC29D1FFAF0076DAC5 /* Themes.swift in Sources */,
				5357AAC9290047030058E400 /* ProfileSetupVC.swift in Sources */,
				5357AAF52900483D0058E400 /* Profile.swift in Sources */,
				5340A2B829ACF79D003F115D /* APIResponse.swift in Sources */,
				5357AAC5290047030058E400 /* AppDelegate.swift in Sources */,
				53E177B029CDF3EA00ADE633 /* StoreCollectionViewCell.swift in Sources */,
				5388857D29228BA300656677 /* HomeSceneVC.swift in Sources */,
				5357AAC7290047030058E400 /* SceneDelegate.swift in Sources */,
				53AA7154290C3E4700440CCD /* ProfileSceneVC.swift in Sources */,
				5388857F2922924000656677 /* TimerSetupVC.swift in Sources */,
				538C8023293921A800BEBD2E /* TimerVC.swift in Sources */,
			);
			runOnlyForDeploymentPostprocessing = 0;
		};
		5357AAD3290047060058E400 /* Sources */ = {
			isa = PBXSourcesBuildPhase;
			buildActionMask = 2147483647;
			files = (
				5357AADC290047060058E400 /* WorkTimerTests.swift in Sources */,
			);
			runOnlyForDeploymentPostprocessing = 0;
		};
		5357AADD290047060058E400 /* Sources */ = {
			isa = PBXSourcesBuildPhase;
			buildActionMask = 2147483647;
			files = (
				5357AAE6290047060058E400 /* WorkTimerUITests.swift in Sources */,
				5357AAE8290047060058E400 /* WorkTimerUITestsLaunchTests.swift in Sources */,
			);
			runOnlyForDeploymentPostprocessing = 0;
		};
/* End PBXSourcesBuildPhase section */

/* Begin PBXTargetDependency section */
		5357AAD9290047060058E400 /* PBXTargetDependency */ = {
			isa = PBXTargetDependency;
			target = 5357AAC0290047030058E400 /* WorkTimer */;
			targetProxy = 5357AAD8290047060058E400 /* PBXContainerItemProxy */;
		};
		5357AAE3290047060058E400 /* PBXTargetDependency */ = {
			isa = PBXTargetDependency;
			target = 5357AAC0290047030058E400 /* WorkTimer */;
			targetProxy = 5357AAE2290047060058E400 /* PBXContainerItemProxy */;
		};
/* End PBXTargetDependency section */

/* Begin PBXVariantGroup section */
		5357AACA290047030058E400 /* Main.storyboard */ = {
			isa = PBXVariantGroup;
			children = (
				5357AACB290047030058E400 /* Base */,
			);
			name = Main.storyboard;
			sourceTree = "<group>";
		};
		5357AACF290047050058E400 /* LaunchScreen.storyboard */ = {
			isa = PBXVariantGroup;
			children = (
				5357AAD0290047050058E400 /* Base */,
			);
			name = LaunchScreen.storyboard;
			sourceTree = "<group>";
		};
/* End PBXVariantGroup section */

/* Begin XCBuildConfiguration section */
		5357AAE9290047060058E400 /* Debug */ = {
			isa = XCBuildConfiguration;
			buildSettings = {
				ALWAYS_SEARCH_USER_PATHS = NO;
				CLANG_ANALYZER_NONNULL = YES;
				CLANG_ANALYZER_NUMBER_OBJECT_CONVERSION = YES_AGGRESSIVE;
				CLANG_CXX_LANGUAGE_STANDARD = "gnu++17";
				CLANG_ENABLE_MODULES = YES;
				CLANG_ENABLE_OBJC_ARC = YES;
				CLANG_ENABLE_OBJC_WEAK = YES;
				CLANG_WARN_BLOCK_CAPTURE_AUTORELEASING = YES;
				CLANG_WARN_BOOL_CONVERSION = YES;
				CLANG_WARN_COMMA = YES;
				CLANG_WARN_CONSTANT_CONVERSION = YES;
				CLANG_WARN_DEPRECATED_OBJC_IMPLEMENTATIONS = YES;
				CLANG_WARN_DIRECT_OBJC_ISA_USAGE = YES_ERROR;
				CLANG_WARN_DOCUMENTATION_COMMENTS = YES;
				CLANG_WARN_EMPTY_BODY = YES;
				CLANG_WARN_ENUM_CONVERSION = YES;
				CLANG_WARN_INFINITE_RECURSION = YES;
				CLANG_WARN_INT_CONVERSION = YES;
				CLANG_WARN_NON_LITERAL_NULL_CONVERSION = YES;
				CLANG_WARN_OBJC_IMPLICIT_RETAIN_SELF = YES;
				CLANG_WARN_OBJC_LITERAL_CONVERSION = YES;
				CLANG_WARN_OBJC_ROOT_CLASS = YES_ERROR;
				CLANG_WARN_QUOTED_INCLUDE_IN_FRAMEWORK_HEADER = YES;
				CLANG_WARN_RANGE_LOOP_ANALYSIS = YES;
				CLANG_WARN_STRICT_PROTOTYPES = YES;
				CLANG_WARN_SUSPICIOUS_MOVE = YES;
				CLANG_WARN_UNGUARDED_AVAILABILITY = YES_AGGRESSIVE;
				CLANG_WARN_UNREACHABLE_CODE = YES;
				CLANG_WARN__DUPLICATE_METHOD_MATCH = YES;
				COPY_PHASE_STRIP = NO;
				DEBUG_INFORMATION_FORMAT = dwarf;
				ENABLE_STRICT_OBJC_MSGSEND = YES;
				ENABLE_TESTABILITY = YES;
				GCC_C_LANGUAGE_STANDARD = gnu11;
				GCC_DYNAMIC_NO_PIC = NO;
				GCC_NO_COMMON_BLOCKS = YES;
				GCC_OPTIMIZATION_LEVEL = 0;
				GCC_PREPROCESSOR_DEFINITIONS = (
					"DEBUG=1",
					"$(inherited)",
				);
				GCC_WARN_64_TO_32_BIT_CONVERSION = YES;
				GCC_WARN_ABOUT_RETURN_TYPE = YES_ERROR;
				GCC_WARN_UNDECLARED_SELECTOR = YES;
				GCC_WARN_UNINITIALIZED_AUTOS = YES_AGGRESSIVE;
				GCC_WARN_UNUSED_FUNCTION = YES;
				GCC_WARN_UNUSED_VARIABLE = YES;
				IPHONEOS_DEPLOYMENT_TARGET = 15.5;
				MTL_ENABLE_DEBUG_INFO = INCLUDE_SOURCE;
				MTL_FAST_MATH = YES;
				ONLY_ACTIVE_ARCH = YES;
				SDKROOT = iphoneos;
				SWIFT_ACTIVE_COMPILATION_CONDITIONS = DEBUG;
				SWIFT_OPTIMIZATION_LEVEL = "-Onone";
			};
			name = Debug;
		};
		5357AAEA290047060058E400 /* Release */ = {
			isa = XCBuildConfiguration;
			buildSettings = {
				ALWAYS_SEARCH_USER_PATHS = NO;
				CLANG_ANALYZER_NONNULL = YES;
				CLANG_ANALYZER_NUMBER_OBJECT_CONVERSION = YES_AGGRESSIVE;
				CLANG_CXX_LANGUAGE_STANDARD = "gnu++17";
				CLANG_ENABLE_MODULES = YES;
				CLANG_ENABLE_OBJC_ARC = YES;
				CLANG_ENABLE_OBJC_WEAK = YES;
				CLANG_WARN_BLOCK_CAPTURE_AUTORELEASING = YES;
				CLANG_WARN_BOOL_CONVERSION = YES;
				CLANG_WARN_COMMA = YES;
				CLANG_WARN_CONSTANT_CONVERSION = YES;
				CLANG_WARN_DEPRECATED_OBJC_IMPLEMENTATIONS = YES;
				CLANG_WARN_DIRECT_OBJC_ISA_USAGE = YES_ERROR;
				CLANG_WARN_DOCUMENTATION_COMMENTS = YES;
				CLANG_WARN_EMPTY_BODY = YES;
				CLANG_WARN_ENUM_CONVERSION = YES;
				CLANG_WARN_INFINITE_RECURSION = YES;
				CLANG_WARN_INT_CONVERSION = YES;
				CLANG_WARN_NON_LITERAL_NULL_CONVERSION = YES;
				CLANG_WARN_OBJC_IMPLICIT_RETAIN_SELF = YES;
				CLANG_WARN_OBJC_LITERAL_CONVERSION = YES;
				CLANG_WARN_OBJC_ROOT_CLASS = YES_ERROR;
				CLANG_WARN_QUOTED_INCLUDE_IN_FRAMEWORK_HEADER = YES;
				CLANG_WARN_RANGE_LOOP_ANALYSIS = YES;
				CLANG_WARN_STRICT_PROTOTYPES = YES;
				CLANG_WARN_SUSPICIOUS_MOVE = YES;
				CLANG_WARN_UNGUARDED_AVAILABILITY = YES_AGGRESSIVE;
				CLANG_WARN_UNREACHABLE_CODE = YES;
				CLANG_WARN__DUPLICATE_METHOD_MATCH = YES;
				COPY_PHASE_STRIP = NO;
				DEBUG_INFORMATION_FORMAT = "dwarf-with-dsym";
				ENABLE_NS_ASSERTIONS = NO;
				ENABLE_STRICT_OBJC_MSGSEND = YES;
				GCC_C_LANGUAGE_STANDARD = gnu11;
				GCC_NO_COMMON_BLOCKS = YES;
				GCC_WARN_64_TO_32_BIT_CONVERSION = YES;
				GCC_WARN_ABOUT_RETURN_TYPE = YES_ERROR;
				GCC_WARN_UNDECLARED_SELECTOR = YES;
				GCC_WARN_UNINITIALIZED_AUTOS = YES_AGGRESSIVE;
				GCC_WARN_UNUSED_FUNCTION = YES;
				GCC_WARN_UNUSED_VARIABLE = YES;
				IPHONEOS_DEPLOYMENT_TARGET = 15.5;
				MTL_ENABLE_DEBUG_INFO = NO;
				MTL_FAST_MATH = YES;
				SDKROOT = iphoneos;
				SWIFT_COMPILATION_MODE = wholemodule;
				SWIFT_OPTIMIZATION_LEVEL = "-O";
				VALIDATE_PRODUCT = YES;
			};
			name = Release;
		};
		5357AAEC290047060058E400 /* Debug */ = {
			isa = XCBuildConfiguration;
			buildSettings = {
				ASSETCATALOG_COMPILER_APPICON_NAME = AppIcon;
				ASSETCATALOG_COMPILER_GLOBAL_ACCENT_COLOR_NAME = AccentColor;
				CODE_SIGN_STYLE = Automatic;
				CURRENT_PROJECT_VERSION = 1;
				GENERATE_INFOPLIST_FILE = YES;
				INFOPLIST_FILE = WorkTimer/Info.plist;
				INFOPLIST_KEY_UIApplicationSupportsIndirectInputEvents = YES;
				INFOPLIST_KEY_UILaunchStoryboardName = LaunchScreen;
				INFOPLIST_KEY_UIMainStoryboardFile = Main;
				INFOPLIST_KEY_UISupportedInterfaceOrientations_iPad = "UIInterfaceOrientationPortrait UIInterfaceOrientationPortraitUpsideDown UIInterfaceOrientationLandscapeLeft UIInterfaceOrientationLandscapeRight";
				INFOPLIST_KEY_UISupportedInterfaceOrientations_iPhone = "UIInterfaceOrientationPortrait UIInterfaceOrientationLandscapeLeft UIInterfaceOrientationLandscapeRight";
				LD_RUNPATH_SEARCH_PATHS = (
					"$(inherited)",
					"@executable_path/Frameworks",
				);
				MARKETING_VERSION = 1.0;
				PRODUCT_BUNDLE_IDENTIFIER = com.jamessun.WorkTimer;
				PRODUCT_NAME = "$(TARGET_NAME)";
				SWIFT_EMIT_LOC_STRINGS = YES;
				SWIFT_VERSION = 5.0;
				TARGETED_DEVICE_FAMILY = "1,2";
			};
			name = Debug;
		};
		5357AAED290047060058E400 /* Release */ = {
			isa = XCBuildConfiguration;
			buildSettings = {
				ASSETCATALOG_COMPILER_APPICON_NAME = AppIcon;
				ASSETCATALOG_COMPILER_GLOBAL_ACCENT_COLOR_NAME = AccentColor;
				CODE_SIGN_STYLE = Automatic;
				CURRENT_PROJECT_VERSION = 1;
				GENERATE_INFOPLIST_FILE = YES;
				INFOPLIST_FILE = WorkTimer/Info.plist;
				INFOPLIST_KEY_UIApplicationSupportsIndirectInputEvents = YES;
				INFOPLIST_KEY_UILaunchStoryboardName = LaunchScreen;
				INFOPLIST_KEY_UIMainStoryboardFile = Main;
				INFOPLIST_KEY_UISupportedInterfaceOrientations_iPad = "UIInterfaceOrientationPortrait UIInterfaceOrientationPortraitUpsideDown UIInterfaceOrientationLandscapeLeft UIInterfaceOrientationLandscapeRight";
				INFOPLIST_KEY_UISupportedInterfaceOrientations_iPhone = "UIInterfaceOrientationPortrait UIInterfaceOrientationLandscapeLeft UIInterfaceOrientationLandscapeRight";
				LD_RUNPATH_SEARCH_PATHS = (
					"$(inherited)",
					"@executable_path/Frameworks",
				);
				MARKETING_VERSION = 1.0;
				PRODUCT_BUNDLE_IDENTIFIER = com.jamessun.WorkTimer;
				PRODUCT_NAME = "$(TARGET_NAME)";
				SWIFT_EMIT_LOC_STRINGS = YES;
				SWIFT_VERSION = 5.0;
				TARGETED_DEVICE_FAMILY = "1,2";
			};
			name = Release;
		};
		5357AAEF290047060058E400 /* Debug */ = {
			isa = XCBuildConfiguration;
			buildSettings = {
				ALWAYS_EMBED_SWIFT_STANDARD_LIBRARIES = YES;
				BUNDLE_LOADER = "$(TEST_HOST)";
				CODE_SIGN_STYLE = Automatic;
				CURRENT_PROJECT_VERSION = 1;
				GENERATE_INFOPLIST_FILE = YES;
				IPHONEOS_DEPLOYMENT_TARGET = 15.5;
				MARKETING_VERSION = 1.0;
				PRODUCT_BUNDLE_IDENTIFIER = com.jamessun.WorkTimerTests;
				PRODUCT_NAME = "$(TARGET_NAME)";
				SWIFT_EMIT_LOC_STRINGS = NO;
				SWIFT_VERSION = 5.0;
				TARGETED_DEVICE_FAMILY = "1,2";
				TEST_HOST = "$(BUILT_PRODUCTS_DIR)/WorkTimer.app/WorkTimer";
			};
			name = Debug;
		};
		5357AAF0290047060058E400 /* Release */ = {
			isa = XCBuildConfiguration;
			buildSettings = {
				ALWAYS_EMBED_SWIFT_STANDARD_LIBRARIES = YES;
				BUNDLE_LOADER = "$(TEST_HOST)";
				CODE_SIGN_STYLE = Automatic;
				CURRENT_PROJECT_VERSION = 1;
				GENERATE_INFOPLIST_FILE = YES;
				IPHONEOS_DEPLOYMENT_TARGET = 15.5;
				MARKETING_VERSION = 1.0;
				PRODUCT_BUNDLE_IDENTIFIER = com.jamessun.WorkTimerTests;
				PRODUCT_NAME = "$(TARGET_NAME)";
				SWIFT_EMIT_LOC_STRINGS = NO;
				SWIFT_VERSION = 5.0;
				TARGETED_DEVICE_FAMILY = "1,2";
				TEST_HOST = "$(BUILT_PRODUCTS_DIR)/WorkTimer.app/WorkTimer";
			};
			name = Release;
		};
		5357AAF2290047060058E400 /* Debug */ = {
			isa = XCBuildConfiguration;
			buildSettings = {
				ALWAYS_EMBED_SWIFT_STANDARD_LIBRARIES = YES;
				CODE_SIGN_STYLE = Automatic;
				CURRENT_PROJECT_VERSION = 1;
				GENERATE_INFOPLIST_FILE = YES;
				MARKETING_VERSION = 1.0;
				PRODUCT_BUNDLE_IDENTIFIER = com.jamessun.WorkTimerUITests;
				PRODUCT_NAME = "$(TARGET_NAME)";
				SWIFT_EMIT_LOC_STRINGS = NO;
				SWIFT_VERSION = 5.0;
				TARGETED_DEVICE_FAMILY = "1,2";
				TEST_TARGET_NAME = WorkTimer;
			};
			name = Debug;
		};
		5357AAF3290047060058E400 /* Release */ = {
			isa = XCBuildConfiguration;
			buildSettings = {
				ALWAYS_EMBED_SWIFT_STANDARD_LIBRARIES = YES;
				CODE_SIGN_STYLE = Automatic;
				CURRENT_PROJECT_VERSION = 1;
				GENERATE_INFOPLIST_FILE = YES;
				MARKETING_VERSION = 1.0;
				PRODUCT_BUNDLE_IDENTIFIER = com.jamessun.WorkTimerUITests;
				PRODUCT_NAME = "$(TARGET_NAME)";
				SWIFT_EMIT_LOC_STRINGS = NO;
				SWIFT_VERSION = 5.0;
				TARGETED_DEVICE_FAMILY = "1,2";
				TEST_TARGET_NAME = WorkTimer;
			};
			name = Release;
		};
/* End XCBuildConfiguration section */

/* Begin XCConfigurationList section */
		5357AABC290047030058E400 /* Build configuration list for PBXProject "WorkTimer" */ = {
			isa = XCConfigurationList;
			buildConfigurations = (
				5357AAE9290047060058E400 /* Debug */,
				5357AAEA290047060058E400 /* Release */,
			);
			defaultConfigurationIsVisible = 0;
			defaultConfigurationName = Release;
		};
		5357AAEB290047060058E400 /* Build configuration list for PBXNativeTarget "WorkTimer" */ = {
			isa = XCConfigurationList;
			buildConfigurations = (
				5357AAEC290047060058E400 /* Debug */,
				5357AAED290047060058E400 /* Release */,
			);
			defaultConfigurationIsVisible = 0;
			defaultConfigurationName = Release;
		};
		5357AAEE290047060058E400 /* Build configuration list for PBXNativeTarget "WorkTimerTests" */ = {
			isa = XCConfigurationList;
			buildConfigurations = (
				5357AAEF290047060058E400 /* Debug */,
				5357AAF0290047060058E400 /* Release */,
			);
			defaultConfigurationIsVisible = 0;
			defaultConfigurationName = Release;
		};
		5357AAF1290047060058E400 /* Build configuration list for PBXNativeTarget "WorkTimerUITests" */ = {
			isa = XCConfigurationList;
			buildConfigurations = (
				5357AAF2290047060058E400 /* Debug */,
				5357AAF3290047060058E400 /* Release */,
			);
			defaultConfigurationIsVisible = 0;
			defaultConfigurationName = Release;
		};
/* End XCConfigurationList section */
	};
	rootObject = 5357AAB9290047030058E400 /* Project object */;
}
